// !$*UTF8*$!
{
	archiveVersion = 1;
	classes = {
	};
	objectVersion = 46;
	objects = {

/* Begin PBXBuildFile section */
		B47AED8415233E6700F0280B /* UIKit.framework in Frameworks */ = {isa = PBXBuildFile; fileRef = B47AED8315233E6700F0280B /* UIKit.framework */; };
		B47AED8615233E6700F0280B /* Foundation.framework in Frameworks */ = {isa = PBXBuildFile; fileRef = B47AED8515233E6700F0280B /* Foundation.framework */; };
		B47AED8815233E6700F0280B /* CoreGraphics.framework in Frameworks */ = {isa = PBXBuildFile; fileRef = B47AED8715233E6700F0280B /* CoreGraphics.framework */; };
		B47AED8E15233E6700F0280B /* InfoPlist.strings in Resources */ = {isa = PBXBuildFile; fileRef = B47AED8C15233E6700F0280B /* InfoPlist.strings */; };
		B47AED9015233E6700F0280B /* main.m in Sources */ = {isa = PBXBuildFile; fileRef = B47AED8F15233E6700F0280B /* main.m */; };
		B47AED9415233E6700F0280B /* AppDelegate.m in Sources */ = {isa = PBXBuildFile; fileRef = B47AED9315233E6700F0280B /* AppDelegate.m */; };
		B47AED9715233E6700F0280B /* MainStoryboard_iPhone.storyboard in Resources */ = {isa = PBXBuildFile; fileRef = B47AED9515233E6700F0280B /* MainStoryboard_iPhone.storyboard */; };
		B47AED9A15233E6700F0280B /* MainStoryboard_iPad.storyboard in Resources */ = {isa = PBXBuildFile; fileRef = B47AED9815233E6700F0280B /* MainStoryboard_iPad.storyboard */; };
		B47AEDA515233E6800F0280B /* SenTestingKit.framework in Frameworks */ = {isa = PBXBuildFile; fileRef = B47AEDA415233E6800F0280B /* SenTestingKit.framework */; };
		B47AEDA615233E6800F0280B /* UIKit.framework in Frameworks */ = {isa = PBXBuildFile; fileRef = B47AED8315233E6700F0280B /* UIKit.framework */; };
		B47AEDA715233E6800F0280B /* Foundation.framework in Frameworks */ = {isa = PBXBuildFile; fileRef = B47AED8515233E6700F0280B /* Foundation.framework */; };
		B47AEDAF15233E6800F0280B /* InfoPlist.strings in Resources */ = {isa = PBXBuildFile; fileRef = B47AEDAD15233E6800F0280B /* InfoPlist.strings */; };
		B47AEDB215233E6800F0280B /* SeeingGreenTests.m in Sources */ = {isa = PBXBuildFile; fileRef = B47AEDB115233E6800F0280B /* SeeingGreenTests.m */; };
		B47AEDC115233EBE00F0280B /* LocationServicesManager.m in Sources */ = {isa = PBXBuildFile; fileRef = B47AEDBC15233EBE00F0280B /* LocationServicesManager.m */; };
		B47AEDC215233EBE00F0280B /* PointOfInterest.m in Sources */ = {isa = PBXBuildFile; fileRef = B47AEDBE15233EBE00F0280B /* PointOfInterest.m */; };
		B47AEDC315233EBE00F0280B /* ARViewController.m in Sources */ = {isa = PBXBuildFile; fileRef = B47AEDC015233EBE00F0280B /* ARViewController.m */; };
		B47AEDC615233EDF00F0280B /* compass.png in Resources */ = {isa = PBXBuildFile; fileRef = B47AEDC415233EDF00F0280B /* compass.png */; };
		B47AEDC715233EDF00F0280B /* poiCompass.png in Resources */ = {isa = PBXBuildFile; fileRef = B47AEDC515233EDF00F0280B /* poiCompass.png */; };
		B47AEDCB15233F6800F0280B /* AVFoundation.framework in Frameworks */ = {isa = PBXBuildFile; fileRef = B47AEDC815233F6800F0280B /* AVFoundation.framework */; };
		B47AEDCC15233F6800F0280B /* CoreData.framework in Frameworks */ = {isa = PBXBuildFile; fileRef = B47AEDC915233F6800F0280B /* CoreData.framework */; };
		B47AEDCD15233F6800F0280B /* CoreLocation.framework in Frameworks */ = {isa = PBXBuildFile; fileRef = B47AEDCA15233F6800F0280B /* CoreLocation.framework */; };
		B47AEDD51523837200F0280B /* SeeingGreen114.png in Resources */ = {isa = PBXBuildFile; fileRef = B47AEDD41523837200F0280B /* SeeingGreen114.png */; };
		B47AEDDC152392FA00F0280B /* POIDetailViewController.m in Sources */ = {isa = PBXBuildFile; fileRef = B47AEDDB152392FA00F0280B /* POIDetailViewController.m */; };
		B47AEDE01523942200F0280B /* POIListViewController.m in Sources */ = {isa = PBXBuildFile; fileRef = B47AEDDF1523942200F0280B /* POIListViewController.m */; };
		B47AEDE3152394C900F0280B /* POIMapViewController.m in Sources */ = {isa = PBXBuildFile; fileRef = B47AEDE2152394C900F0280B /* POIMapViewController.m */; };
		B4EF289D152CCDF70085B02D /* POIManager.m in Sources */ = {isa = PBXBuildFile; fileRef = B4EF289C152CCDF70085B02D /* POIManager.m */; };
/* End PBXBuildFile section */

/* Begin PBXContainerItemProxy section */
		B47AEDA815233E6800F0280B /* PBXContainerItemProxy */ = {
			isa = PBXContainerItemProxy;
			containerPortal = B47AED7615233E6700F0280B /* Project object */;
			proxyType = 1;
			remoteGlobalIDString = B47AED7E15233E6700F0280B;
			remoteInfo = SeeingGreen;
		};
/* End PBXContainerItemProxy section */

/* Begin PBXFileReference section */
		B47AED7F15233E6700F0280B /* SeeingGreen.app */ = {isa = PBXFileReference; explicitFileType = wrapper.application; includeInIndex = 0; path = SeeingGreen.app; sourceTree = BUILT_PRODUCTS_DIR; };
		B47AED8315233E6700F0280B /* UIKit.framework */ = {isa = PBXFileReference; lastKnownFileType = wrapper.framework; name = UIKit.framework; path = System/Library/Frameworks/UIKit.framework; sourceTree = SDKROOT; };
		B47AED8515233E6700F0280B /* Foundation.framework */ = {isa = PBXFileReference; lastKnownFileType = wrapper.framework; name = Foundation.framework; path = System/Library/Frameworks/Foundation.framework; sourceTree = SDKROOT; };
		B47AED8715233E6700F0280B /* CoreGraphics.framework */ = {isa = PBXFileReference; lastKnownFileType = wrapper.framework; name = CoreGraphics.framework; path = System/Library/Frameworks/CoreGraphics.framework; sourceTree = SDKROOT; };
		B47AED8B15233E6700F0280B /* SeeingGreen-Info.plist */ = {isa = PBXFileReference; lastKnownFileType = text.plist.xml; path = "SeeingGreen-Info.plist"; sourceTree = "<group>"; };
		B47AED8D15233E6700F0280B /* en */ = {isa = PBXFileReference; lastKnownFileType = text.plist.strings; name = en; path = en.lproj/InfoPlist.strings; sourceTree = "<group>"; };
		B47AED8F15233E6700F0280B /* main.m */ = {isa = PBXFileReference; lastKnownFileType = sourcecode.c.objc; lineEnding = 0; path = main.m; sourceTree = "<group>"; xcLanguageSpecificationIdentifier = xcode.lang.objc; };
		B47AED9115233E6700F0280B /* SeeingGreen-Prefix.pch */ = {isa = PBXFileReference; lastKnownFileType = sourcecode.c.h; path = "SeeingGreen-Prefix.pch"; sourceTree = "<group>"; };
		B47AED9215233E6700F0280B /* AppDelegate.h */ = {isa = PBXFileReference; lastKnownFileType = sourcecode.c.h; lineEnding = 0; path = AppDelegate.h; sourceTree = "<group>"; xcLanguageSpecificationIdentifier = xcode.lang.objcpp; };
		B47AED9315233E6700F0280B /* AppDelegate.m */ = {isa = PBXFileReference; lastKnownFileType = sourcecode.c.objc; lineEnding = 0; path = AppDelegate.m; sourceTree = "<group>"; xcLanguageSpecificationIdentifier = xcode.lang.objc; };
		B47AED9615233E6700F0280B /* en */ = {isa = PBXFileReference; lastKnownFileType = file.storyboard; name = en; path = en.lproj/MainStoryboard_iPhone.storyboard; sourceTree = "<group>"; };
		B47AED9915233E6700F0280B /* en */ = {isa = PBXFileReference; lastKnownFileType = file.storyboard; name = en; path = en.lproj/MainStoryboard_iPad.storyboard; sourceTree = "<group>"; };
		B47AEDA315233E6800F0280B /* SeeingGreenTests.octest */ = {isa = PBXFileReference; explicitFileType = wrapper.cfbundle; includeInIndex = 0; path = SeeingGreenTests.octest; sourceTree = BUILT_PRODUCTS_DIR; };
		B47AEDA415233E6800F0280B /* SenTestingKit.framework */ = {isa = PBXFileReference; lastKnownFileType = wrapper.framework; name = SenTestingKit.framework; path = Library/Frameworks/SenTestingKit.framework; sourceTree = DEVELOPER_DIR; };
		B47AEDAC15233E6800F0280B /* SeeingGreenTests-Info.plist */ = {isa = PBXFileReference; lastKnownFileType = text.plist.xml; path = "SeeingGreenTests-Info.plist"; sourceTree = "<group>"; };
		B47AEDAE15233E6800F0280B /* en */ = {isa = PBXFileReference; lastKnownFileType = text.plist.strings; name = en; path = en.lproj/InfoPlist.strings; sourceTree = "<group>"; };
		B47AEDB015233E6800F0280B /* SeeingGreenTests.h */ = {isa = PBXFileReference; lastKnownFileType = sourcecode.c.h; path = SeeingGreenTests.h; sourceTree = "<group>"; };
		B47AEDB115233E6800F0280B /* SeeingGreenTests.m */ = {isa = PBXFileReference; lastKnownFileType = sourcecode.c.objc; path = SeeingGreenTests.m; sourceTree = "<group>"; };
		B47AEDBB15233EBE00F0280B /* LocationServicesManager.h */ = {isa = PBXFileReference; fileEncoding = 4; lastKnownFileType = sourcecode.c.h; lineEnding = 0; path = LocationServicesManager.h; sourceTree = "<group>"; xcLanguageSpecificationIdentifier = xcode.lang.objcpp; };
		B47AEDBC15233EBE00F0280B /* LocationServicesManager.m */ = {isa = PBXFileReference; fileEncoding = 4; lastKnownFileType = sourcecode.c.objc; lineEnding = 0; path = LocationServicesManager.m; sourceTree = "<group>"; xcLanguageSpecificationIdentifier = xcode.lang.objc; };
		B47AEDBD15233EBE00F0280B /* PointOfInterest.h */ = {isa = PBXFileReference; fileEncoding = 4; lastKnownFileType = sourcecode.c.h; path = PointOfInterest.h; sourceTree = "<group>"; };
		B47AEDBE15233EBE00F0280B /* PointOfInterest.m */ = {isa = PBXFileReference; fileEncoding = 4; lastKnownFileType = sourcecode.c.objc; path = PointOfInterest.m; sourceTree = "<group>"; };
		B47AEDBF15233EBE00F0280B /* ARViewController.h */ = {isa = PBXFileReference; fileEncoding = 4; lastKnownFileType = sourcecode.c.h; lineEnding = 0; path = ARViewController.h; sourceTree = "<group>"; xcLanguageSpecificationIdentifier = xcode.lang.objcpp; };
		B47AEDC015233EBE00F0280B /* ARViewController.m */ = {isa = PBXFileReference; fileEncoding = 4; lastKnownFileType = sourcecode.c.objc; lineEnding = 0; path = ARViewController.m; sourceTree = "<group>"; xcLanguageSpecificationIdentifier = xcode.lang.objc; };
		B47AEDC415233EDF00F0280B /* compass.png */ = {isa = PBXFileReference; lastKnownFileType = image.png; path = compass.png; sourceTree = "<group>"; };
		B47AEDC515233EDF00F0280B /* poiCompass.png */ = {isa = PBXFileReference; lastKnownFileType = image.png; path = poiCompass.png; sourceTree = "<group>"; };
		B47AEDC815233F6800F0280B /* AVFoundation.framework */ = {isa = PBXFileReference; lastKnownFileType = wrapper.framework; name = AVFoundation.framework; path = System/Library/Frameworks/AVFoundation.framework; sourceTree = SDKROOT; };
		B47AEDC915233F6800F0280B /* CoreData.framework */ = {isa = PBXFileReference; lastKnownFileType = wrapper.framework; name = CoreData.framework; path = System/Library/Frameworks/CoreData.framework; sourceTree = SDKROOT; };
		B47AEDCA15233F6800F0280B /* CoreLocation.framework */ = {isa = PBXFileReference; lastKnownFileType = wrapper.framework; name = CoreLocation.framework; path = System/Library/Frameworks/CoreLocation.framework; sourceTree = SDKROOT; };
		B47AEDD41523837200F0280B /* SeeingGreen114.png */ = {isa = PBXFileReference; lastKnownFileType = image.png; path = SeeingGreen114.png; sourceTree = SOURCE_ROOT; };
		B47AEDDA152392FA00F0280B /* POIDetailViewController.h */ = {isa = PBXFileReference; fileEncoding = 4; lastKnownFileType = sourcecode.c.h; lineEnding = 0; path = POIDetailViewController.h; sourceTree = "<group>"; xcLanguageSpecificationIdentifier = xcode.lang.objcpp; };
		B47AEDDB152392FA00F0280B /* POIDetailViewController.m */ = {isa = PBXFileReference; fileEncoding = 4; lastKnownFileType = sourcecode.c.objc; lineEnding = 0; path = POIDetailViewController.m; sourceTree = "<group>"; xcLanguageSpecificationIdentifier = xcode.lang.objc; };
		B47AEDDE1523942200F0280B /* POIListViewController.h */ = {isa = PBXFileReference; fileEncoding = 4; lastKnownFileType = sourcecode.c.h; path = POIListViewController.h; sourceTree = "<group>"; };
		B47AEDDF1523942200F0280B /* POIListViewController.m */ = {isa = PBXFileReference; fileEncoding = 4; lastKnownFileType = sourcecode.c.objc; path = POIListViewController.m; sourceTree = "<group>"; };
		B47AEDE1152394C900F0280B /* POIMapViewController.h */ = {isa = PBXFileReference; fileEncoding = 4; lastKnownFileType = sourcecode.c.h; path = POIMapViewController.h; sourceTree = "<group>"; };
		B47AEDE2152394C900F0280B /* POIMapViewController.m */ = {isa = PBXFileReference; fileEncoding = 4; lastKnownFileType = sourcecode.c.objc; path = POIMapViewController.m; sourceTree = "<group>"; };
		B4EF289B152CCDF70085B02D /* POIManager.h */ = {isa = PBXFileReference; fileEncoding = 4; lastKnownFileType = sourcecode.c.h; path = POIManager.h; sourceTree = "<group>"; };
		B4EF289C152CCDF70085B02D /* POIManager.m */ = {isa = PBXFileReference; fileEncoding = 4; lastKnownFileType = sourcecode.c.objc; path = POIManager.m; sourceTree = "<group>"; };
/* End PBXFileReference section */

/* Begin PBXFrameworksBuildPhase section */
		B47AED7C15233E6700F0280B /* Frameworks */ = {
			isa = PBXFrameworksBuildPhase;
			buildActionMask = 2147483647;
			files = (
				B47AEDCB15233F6800F0280B /* AVFoundation.framework in Frameworks */,
				B47AEDCC15233F6800F0280B /* CoreData.framework in Frameworks */,
				B47AEDCD15233F6800F0280B /* CoreLocation.framework in Frameworks */,
				B47AED8415233E6700F0280B /* UIKit.framework in Frameworks */,
				B47AED8615233E6700F0280B /* Foundation.framework in Frameworks */,
				B47AED8815233E6700F0280B /* CoreGraphics.framework in Frameworks */,
			);
			runOnlyForDeploymentPostprocessing = 0;
		};
		B47AED9F15233E6800F0280B /* Frameworks */ = {
			isa = PBXFrameworksBuildPhase;
			buildActionMask = 2147483647;
			files = (
				B47AEDA515233E6800F0280B /* SenTestingKit.framework in Frameworks */,
				B47AEDA615233E6800F0280B /* UIKit.framework in Frameworks */,
				B47AEDA715233E6800F0280B /* Foundation.framework in Frameworks */,
			);
			runOnlyForDeploymentPostprocessing = 0;
		};
/* End PBXFrameworksBuildPhase section */

/* Begin PBXGroup section */
		B47AED7415233E6700F0280B = {
			isa = PBXGroup;
			children = (
				B47AED8915233E6700F0280B /* SeeingGreen */,
				B47AEDAA15233E6800F0280B /* SeeingGreenTests */,
				B47AED8215233E6700F0280B /* Frameworks */,
				B47AED8015233E6700F0280B /* Products */,
			);
			sourceTree = "<group>";
		};
		B47AED8015233E6700F0280B /* Products */ = {
			isa = PBXGroup;
			children = (
				B47AED7F15233E6700F0280B /* SeeingGreen.app */,
				B47AEDA315233E6800F0280B /* SeeingGreenTests.octest */,
			);
			name = Products;
			sourceTree = "<group>";
		};
		B47AED8215233E6700F0280B /* Frameworks */ = {
			isa = PBXGroup;
			children = (
				B47AEDC815233F6800F0280B /* AVFoundation.framework */,
				B47AEDC915233F6800F0280B /* CoreData.framework */,
				B47AEDCA15233F6800F0280B /* CoreLocation.framework */,
				B47AED8315233E6700F0280B /* UIKit.framework */,
				B47AED8515233E6700F0280B /* Foundation.framework */,
				B47AED8715233E6700F0280B /* CoreGraphics.framework */,
				B47AEDA415233E6800F0280B /* SenTestingKit.framework */,
			);
			name = Frameworks;
			sourceTree = "<group>";
		};
		B47AED8915233E6700F0280B /* SeeingGreen */ = {
			isa = PBXGroup;
			children = (
				B47AEDCE1523409A00F0280B /* Images */,
				B47AEDCF152340A600F0280B /* Classes */,
				B47AEDDD1523930100F0280B /* ViewControllers */,
				B47AED9215233E6700F0280B /* AppDelegate.h */,
				B47AED9315233E6700F0280B /* AppDelegate.m */,
				B47AED9515233E6700F0280B /* MainStoryboard_iPhone.storyboard */,
				B47AED9815233E6700F0280B /* MainStoryboard_iPad.storyboard */,
				B47AED8A15233E6700F0280B /* Supporting Files */,
			);
			path = SeeingGreen;
			sourceTree = "<group>";
		};
		B47AED8A15233E6700F0280B /* Supporting Files */ = {
			isa = PBXGroup;
			children = (
				B47AED8B15233E6700F0280B /* SeeingGreen-Info.plist */,
				B47AED8C15233E6700F0280B /* InfoPlist.strings */,
				B47AED8F15233E6700F0280B /* main.m */,
				B47AED9115233E6700F0280B /* SeeingGreen-Prefix.pch */,
			);
			name = "Supporting Files";
			sourceTree = "<group>";
		};
		B47AEDAA15233E6800F0280B /* SeeingGreenTests */ = {
			isa = PBXGroup;
			children = (
				B47AEDB015233E6800F0280B /* SeeingGreenTests.h */,
				B47AEDB115233E6800F0280B /* SeeingGreenTests.m */,
				B47AEDAB15233E6800F0280B /* Supporting Files */,
			);
			path = SeeingGreenTests;
			sourceTree = "<group>";
		};
		B47AEDAB15233E6800F0280B /* Supporting Files */ = {
			isa = PBXGroup;
			children = (
				B47AEDAC15233E6800F0280B /* SeeingGreenTests-Info.plist */,
				B47AEDAD15233E6800F0280B /* InfoPlist.strings */,
			);
			name = "Supporting Files";
			sourceTree = "<group>";
		};
		B47AEDCE1523409A00F0280B /* Images */ = {
			isa = PBXGroup;
			children = (
				B47AEDD41523837200F0280B /* SeeingGreen114.png */,
				B47AEDC415233EDF00F0280B /* compass.png */,
				B47AEDC515233EDF00F0280B /* poiCompass.png */,
			);
			name = Images;
			sourceTree = "<group>";
		};
		B47AEDCF152340A600F0280B /* Classes */ = {
			isa = PBXGroup;
			children = (
				B47AEDBB15233EBE00F0280B /* LocationServicesManager.h */,
				B47AEDBC15233EBE00F0280B /* LocationServicesManager.m */,
				B47AEDBD15233EBE00F0280B /* PointOfInterest.h */,
				B47AEDBE15233EBE00F0280B /* PointOfInterest.m */,
				B4EF289B152CCDF70085B02D /* POIManager.h */,
				B4EF289C152CCDF70085B02D /* POIManager.m */,
			);
			name = Classes;
			sourceTree = "<group>";
		};
		B47AEDDD1523930100F0280B /* ViewControllers */ = {
			isa = PBXGroup;
			children = (
				B47AEDBF15233EBE00F0280B /* ARViewController.h */,
				B47AEDC015233EBE00F0280B /* ARViewController.m */,
				B47AEDDA152392FA00F0280B /* POIDetailViewController.h */,
				B47AEDDB152392FA00F0280B /* POIDetailViewController.m */,
				B47AEDDE1523942200F0280B /* POIListViewController.h */,
				B47AEDDF1523942200F0280B /* POIListViewController.m */,
				B47AEDE1152394C900F0280B /* POIMapViewController.h */,
				B47AEDE2152394C900F0280B /* POIMapViewController.m */,
			);
			name = ViewControllers;
			sourceTree = "<group>";
		};
/* End PBXGroup section */

/* Begin PBXNativeTarget section */
		B47AED7E15233E6700F0280B /* SeeingGreen */ = {
			isa = PBXNativeTarget;
			buildConfigurationList = B47AEDB515233E6800F0280B /* Build configuration list for PBXNativeTarget "SeeingGreen" */;
			buildPhases = (
				B47AED7B15233E6700F0280B /* Sources */,
				B47AED7C15233E6700F0280B /* Frameworks */,
				B47AED7D15233E6700F0280B /* Resources */,
			);
			buildRules = (
			);
			dependencies = (
			);
			name = SeeingGreen;
			productName = SeeingGreen;
			productReference = B47AED7F15233E6700F0280B /* SeeingGreen.app */;
			productType = "com.apple.product-type.application";
		};
		B47AEDA215233E6800F0280B /* SeeingGreenTests */ = {
			isa = PBXNativeTarget;
			buildConfigurationList = B47AEDB815233E6800F0280B /* Build configuration list for PBXNativeTarget "SeeingGreenTests" */;
			buildPhases = (
				B47AED9E15233E6800F0280B /* Sources */,
				B47AED9F15233E6800F0280B /* Frameworks */,
				B47AEDA015233E6800F0280B /* Resources */,
				B47AEDA115233E6800F0280B /* ShellScript */,
			);
			buildRules = (
			);
			dependencies = (
				B47AEDA915233E6800F0280B /* PBXTargetDependency */,
			);
			name = SeeingGreenTests;
			productName = SeeingGreenTests;
			productReference = B47AEDA315233E6800F0280B /* SeeingGreenTests.octest */;
			productType = "com.apple.product-type.bundle";
		};
/* End PBXNativeTarget section */

/* Begin PBXProject section */
		B47AED7615233E6700F0280B /* Project object */ = {
			isa = PBXProject;
			attributes = {
				LastUpgradeCheck = 0430;
			};
			buildConfigurationList = B47AED7915233E6700F0280B /* Build configuration list for PBXProject "SeeingGreen" */;
			compatibilityVersion = "Xcode 3.2";
			developmentRegion = English;
			hasScannedForEncodings = 0;
			knownRegions = (
				en,
			);
			mainGroup = B47AED7415233E6700F0280B;
			productRefGroup = B47AED8015233E6700F0280B /* Products */;
			projectDirPath = "";
			projectRoot = "";
			targets = (
				B47AED7E15233E6700F0280B /* SeeingGreen */,
				B47AEDA215233E6800F0280B /* SeeingGreenTests */,
			);
		};
/* End PBXProject section */

/* Begin PBXResourcesBuildPhase section */
		B47AED7D15233E6700F0280B /* Resources */ = {
			isa = PBXResourcesBuildPhase;
			buildActionMask = 2147483647;
			files = (
				B47AED8E15233E6700F0280B /* InfoPlist.strings in Resources */,
				B47AED9715233E6700F0280B /* MainStoryboard_iPhone.storyboard in Resources */,
				B47AED9A15233E6700F0280B /* MainStoryboard_iPad.storyboard in Resources */,
				B47AEDC615233EDF00F0280B /* compass.png in Resources */,
				B47AEDC715233EDF00F0280B /* poiCompass.png in Resources */,
				B47AEDD51523837200F0280B /* SeeingGreen114.png in Resources */,
			);
			runOnlyForDeploymentPostprocessing = 0;
		};
		B47AEDA015233E6800F0280B /* Resources */ = {
			isa = PBXResourcesBuildPhase;
			buildActionMask = 2147483647;
			files = (
				B47AEDAF15233E6800F0280B /* InfoPlist.strings in Resources */,
			);
			runOnlyForDeploymentPostprocessing = 0;
		};
/* End PBXResourcesBuildPhase section */

/* Begin PBXShellScriptBuildPhase section */
		B47AEDA115233E6800F0280B /* ShellScript */ = {
			isa = PBXShellScriptBuildPhase;
			buildActionMask = 2147483647;
			files = (
			);
			inputPaths = (
			);
			outputPaths = (
			);
			runOnlyForDeploymentPostprocessing = 0;
			shellPath = /bin/sh;
			shellScript = "# Run the unit tests in this test bundle.\n\"${SYSTEM_DEVELOPER_DIR}/Tools/RunUnitTests\"\n";
		};
/* End PBXShellScriptBuildPhase section */

/* Begin PBXSourcesBuildPhase section */
		B47AED7B15233E6700F0280B /* Sources */ = {
			isa = PBXSourcesBuildPhase;
			buildActionMask = 2147483647;
			files = (
				B47AED9015233E6700F0280B /* main.m in Sources */,
				B47AED9415233E6700F0280B /* AppDelegate.m in Sources */,
				B47AEDC115233EBE00F0280B /* LocationServicesManager.m in Sources */,
				B47AEDC215233EBE00F0280B /* PointOfInterest.m in Sources */,
				B47AEDC315233EBE00F0280B /* ARViewController.m in Sources */,
				B47AEDDC152392FA00F0280B /* POIDetailViewController.m in Sources */,
				B47AEDE01523942200F0280B /* POIListViewController.m in Sources */,
				B47AEDE3152394C900F0280B /* POIMapViewController.m in Sources */,
				B4EF289D152CCDF70085B02D /* POIManager.m in Sources */,
			);
			runOnlyForDeploymentPostprocessing = 0;
		};
		B47AED9E15233E6800F0280B /* Sources */ = {
			isa = PBXSourcesBuildPhase;
			buildActionMask = 2147483647;
			files = (
				B47AEDB215233E6800F0280B /* SeeingGreenTests.m in Sources */,
			);
			runOnlyForDeploymentPostprocessing = 0;
		};
/* End PBXSourcesBuildPhase section */

/* Begin PBXTargetDependency section */
		B47AEDA915233E6800F0280B /* PBXTargetDependency */ = {
			isa = PBXTargetDependency;
			target = B47AED7E15233E6700F0280B /* SeeingGreen */;
			targetProxy = B47AEDA815233E6800F0280B /* PBXContainerItemProxy */;
		};
/* End PBXTargetDependency section */

/* Begin PBXVariantGroup section */
		B47AED8C15233E6700F0280B /* InfoPlist.strings */ = {
			isa = PBXVariantGroup;
			children = (
				B47AED8D15233E6700F0280B /* en */,
			);
			name = InfoPlist.strings;
			sourceTree = "<group>";
		};
		B47AED9515233E6700F0280B /* MainStoryboard_iPhone.storyboard */ = {
			isa = PBXVariantGroup;
			children = (
				B47AED9615233E6700F0280B /* en */,
			);
			name = MainStoryboard_iPhone.storyboard;
			sourceTree = "<group>";
		};
		B47AED9815233E6700F0280B /* MainStoryboard_iPad.storyboard */ = {
			isa = PBXVariantGroup;
			children = (
				B47AED9915233E6700F0280B /* en */,
			);
			name = MainStoryboard_iPad.storyboard;
			sourceTree = "<group>";
		};
		B47AEDAD15233E6800F0280B /* InfoPlist.strings */ = {
			isa = PBXVariantGroup;
			children = (
				B47AEDAE15233E6800F0280B /* en */,
			);
			name = InfoPlist.strings;
			sourceTree = "<group>";
		};
/* End PBXVariantGroup section */

/* Begin XCBuildConfiguration section */
		B47AEDB315233E6800F0280B /* Debug */ = {
			isa = XCBuildConfiguration;
			buildSettings = {
				ALWAYS_SEARCH_USER_PATHS = NO;
				ARCHS = "$(ARCHS_STANDARD_32_BIT)";
				CLANG_ENABLE_OBJC_ARC = YES;
				"CODE_SIGN_IDENTITY[sdk=iphoneos*]" = "iPhone Developer";
				COPY_PHASE_STRIP = NO;
				GCC_C_LANGUAGE_STANDARD = gnu99;
				GCC_DYNAMIC_NO_PIC = NO;
				GCC_OPTIMIZATION_LEVEL = 0;
				GCC_PREPROCESSOR_DEFINITIONS = (
					"DEBUG=1",
					"$(inherited)",
				);
				GCC_SYMBOLS_PRIVATE_EXTERN = NO;
				GCC_VERSION = com.apple.compilers.llvm.clang.1_0;
				GCC_WARN_ABOUT_RETURN_TYPE = YES;
				GCC_WARN_UNINITIALIZED_AUTOS = YES;
				GCC_WARN_UNUSED_VARIABLE = YES;
				IPHONEOS_DEPLOYMENT_TARGET = 5.1;
				SDKROOT = iphoneos;
				TARGETED_DEVICE_FAMILY = "1,2";
			};
			name = Debug;
		};
		B47AEDB415233E6800F0280B /* Release */ = {
			isa = XCBuildConfiguration;
			buildSettings = {
				ALWAYS_SEARCH_USER_PATHS = NO;
				ARCHS = "$(ARCHS_STANDARD_32_BIT)";
				CLANG_ENABLE_OBJC_ARC = YES;
				"CODE_SIGN_IDENTITY[sdk=iphoneos*]" = "iPhone Developer";
				COPY_PHASE_STRIP = YES;
				GCC_C_LANGUAGE_STANDARD = gnu99;
				GCC_VERSION = com.apple.compilers.llvm.clang.1_0;
				GCC_WARN_ABOUT_RETURN_TYPE = YES;
				GCC_WARN_UNINITIALIZED_AUTOS = YES;
				GCC_WARN_UNUSED_VARIABLE = YES;
				IPHONEOS_DEPLOYMENT_TARGET = 5.1;
				OTHER_CFLAGS = "-DNS_BLOCK_ASSERTIONS=1";
				SDKROOT = iphoneos;
				TARGETED_DEVICE_FAMILY = "1,2";
				VALIDATE_PRODUCT = YES;
			};
			name = Release;
		};
		B47AEDB615233E6800F0280B /* Debug */ = {
			isa = XCBuildConfiguration;
			buildSettings = {
				GCC_PRECOMPILE_PREFIX_HEADER = YES;
				GCC_PREFIX_HEADER = "SeeingGreen/SeeingGreen-Prefix.pch";
				INFOPLIST_FILE = "SeeingGreen/SeeingGreen-Info.plist";
				PRODUCT_NAME = "$(TARGET_NAME)";
				WRAPPER_EXTENSION = app;
			};
			name = Debug;
		};
		B47AEDB715233E6800F0280B /* Release */ = {
			isa = XCBuildConfiguration;
			buildSettings = {
				GCC_PRECOMPILE_PREFIX_HEADER = YES;
				GCC_PREFIX_HEADER = "SeeingGreen/SeeingGreen-Prefix.pch";
				INFOPLIST_FILE = "SeeingGreen/SeeingGreen-Info.plist";
				PRODUCT_NAME = "$(TARGET_NAME)";
				WRAPPER_EXTENSION = app;
			};
			name = Release;
		};
		B47AEDB915233E6800F0280B /* Debug */ = {
			isa = XCBuildConfiguration;
			buildSettings = {
				BUNDLE_LOADER = "$(BUILT_PRODUCTS_DIR)/SeeingGreen.app/SeeingGreen";
				FRAMEWORK_SEARCH_PATHS = (
					"$(SDKROOT)/Developer/Library/Frameworks",
					"$(DEVELOPER_LIBRARY_DIR)/Frameworks",
				);
				GCC_PRECOMPILE_PREFIX_HEADER = YES;
				GCC_PREFIX_HEADER = "SeeingGreen/SeeingGreen-Prefix.pch";
				INFOPLIST_FILE = "SeeingGreenTests/SeeingGreenTests-Info.plist";
				PRODUCT_NAME = "$(TARGET_NAME)";
				TEST_HOST = "$(BUNDLE_LOADER)";
				WRAPPER_EXTENSION = octest;
			};
			name = Debug;
		};
		B47AEDBA15233E6800F0280B /* Release */ = {
			isa = XCBuildConfiguration;
			buildSettings = {
				BUNDLE_LOADER = "$(BUILT_PRODUCTS_DIR)/SeeingGreen.app/SeeingGreen";
				FRAMEWORK_SEARCH_PATHS = (
					"$(SDKROOT)/Developer/Library/Frameworks",
					"$(DEVELOPER_LIBRARY_DIR)/Frameworks",
				);
				GCC_PRECOMPILE_PREFIX_HEADER = YES;
				GCC_PREFIX_HEADER = "SeeingGreen/SeeingGreen-Prefix.pch";
				INFOPLIST_FILE = "SeeingGreenTests/SeeingGreenTests-Info.plist";
				PRODUCT_NAME = "$(TARGET_NAME)";
				TEST_HOST = "$(BUNDLE_LOADER)";
				WRAPPER_EXTENSION = octest;
			};
			name = Release;
		};
/* End XCBuildConfiguration section */

/* Begin XCConfigurationList section */
		B47AED7915233E6700F0280B /* Build configuration list for PBXProject "SeeingGreen" */ = {
			isa = XCConfigurationList;
			buildConfigurations = (
				B47AEDB315233E6800F0280B /* Debug */,
				B47AEDB415233E6800F0280B /* Release */,
			);
			defaultConfigurationIsVisible = 0;
			defaultConfigurationName = Release;
		};
		B47AEDB515233E6800F0280B /* Build configuration list for PBXNativeTarget "SeeingGreen" */ = {
			isa = XCConfigurationList;
			buildConfigurations = (
				B47AEDB615233E6800F0280B /* Debug */,
				B47AEDB715233E6800F0280B /* Release */,
			);
			defaultConfigurationIsVisible = 0;
			defaultConfigurationName = Release;
		};
		B47AEDB815233E6800F0280B /* Build configuration list for PBXNativeTarget "SeeingGreenTests" */ = {
			isa = XCConfigurationList;
			buildConfigurations = (
				B47AEDB915233E6800F0280B /* Debug */,
				B47AEDBA15233E6800F0280B /* Release */,
			);
			defaultConfigurationIsVisible = 0;
			defaultConfigurationName = Release;
		};
/* End XCConfigurationList section */
	};
	rootObject = B47AED7615233E6700F0280B /* Project object */;
}
